
Microsoft Visual Studio Solution File, Format Version 12.00
# Visual Studio 15
VisualStudioVersion = 15.0.27428.2015
MinimumVisualStudioVersion = 10.0.40219.1
Project("{9A19103F-16F7-4668-BE54-9A1E7A4F7556}") = "HabiticaNET", "HabiticaNET.csproj", "{0DA48BB2-3719-4B89-B2C2-5CD4F3CC1650}"
EndProject
Project("{9A19103F-16F7-4668-BE54-9A1E7A4F7556}") = "HabiticaNET.Tests", "..\tests\HabiticaNET.Tests\HabiticaNET.Tests.csproj", "{91B5C197-D843-43D1-AB63-236F76780171}"
EndProject
Global
	GlobalSection(SolutionConfigurationPlatforms) = preSolution
		Debug|Any CPU = Debug|Any CPU
		Release|Any CPU = Release|Any CPU
	EndGlobalSection
	GlobalSection(ProjectConfigurationPlatforms) = postSolution
		{0DA48BB2-3719-4B89-B2C2-5CD4F3CC1650}.Debug|Any CPU.ActiveCfg = Debug|Any CPU
		{0DA48BB2-3719-4B89-B2C2-5CD4F3CC1650}.Debug|Any CPU.Build.0 = Debug|Any CPU
		{0DA48BB2-3719-4B89-B2C2-5CD4F3CC1650}.Release|Any CPU.ActiveCfg = Release|Any CPU
		{0DA48BB2-3719-4B89-B2C2-5CD4F3CC1650}.Release|Any CPU.Build.0 = Release|Any CPU
		{91B5C197-D843-43D1-AB63-236F76780171}.Debug|Any CPU.ActiveCfg = Debug|Any CPU
		{91B5C197-D843-43D1-AB63-236F76780171}.Debug|Any CPU.Build.0 = Debug|Any CPU
		{91B5C197-D843-43D1-AB63-236F76780171}.Release|Any CPU.ActiveCfg = Release|Any CPU
		{91B5C197-D843-43D1-AB63-236F76780171}.Release|Any CPU.Build.0 = Release|Any CPU
	EndGlobalSection
	GlobalSection(SolutionProperties) = preSolution
		HideSolutionNode = FALSE
	EndGlobalSection
	GlobalSection(ExtensibilityGlobals) = postSolution
		SolutionGuid = {84BB3B7A-1735-4407-B43A-08E37EBEB3BB}
	EndGlobalSection
EndGlobal
